
Microsoft Visual Studio Solution File, Format Version 12.00
# Visual Studio Version 17
VisualStudioVersion = 17.6.33723.286
MinimumVisualStudioVersion = 10.0.40219.1
Project("{FAE04EC0-301F-11D3-BF4B-00C04F79EFBC}") = "A005_string", "A005_string\A005_string.csproj", "{E2E5FE94-C425-4589-89AF-8AEA8C673086}"
EndProject
Project("{FAE04EC0-301F-11D3-BF4B-00C04F79EFBC}") = "A002_HelloWorld", "A002_HelloWorld\A002_HelloWorld.csproj", "{074E5198-73AA-492F-A236-29C840CC43FA}"
EndProject
Project("{FAE04EC0-301F-11D3-BF4B-00C04F79EFBC}") = "A003_Console", "A003_Console\A003_Console.csproj", "{31C47199-972F-4D5C-9BA0-20DF1C46944A}"
EndProject
Project("{FAE04EC0-301F-11D3-BF4B-00C04F79EFBC}") = "A004_Variable", "A004_Variable\A004_Variable.csproj", "{9A1A0FEA-395D-4E87-87AF-C6DA1DDE95A7}"
EndProject
Project("{FAE04EC0-301F-11D3-BF4B-00C04F79EFBC}") = "A006_CS200", "A006_CS200\A006_CS200.csproj", "{096FB48E-09A9-414A-8768-689B3A56DE90}"
EndProject
Project("{FAE04EC0-301F-11D3-BF4B-00C04F79EFBC}") = "A007_ConsoleWriteLine", "A007_ConsoleWriteLine\A007_ConsoleWriteLine.csproj", "{991617C3-F0F4-4DF4-814E-0EC8DA748321}"
EndProject
Project("{FAE04EC0-301F-11D3-BF4B-00C04F79EFBC}") = "A008_ConsoleWriteMulti", "A008_ConsoleWriteMulti\A008_ConsoleWriteMulti.csproj", "{AF0CC374-3295-450E-8F0B-5EC4ACFC3ADF}"
EndProject
Project("{FAE04EC0-301F-11D3-BF4B-00C04F79EFBC}") = "A009_VariablesAndWrite", "A009_VariablesAndWrite\A009_VariablesAndWrite.csproj", "{5EF4B004-3E05-43EB-9980-C48887B8D1E5}"
EndProject
Project("{FAE04EC0-301F-11D3-BF4B-00C04F79EFBC}") = "A010_ConsoleFormat", "A010_ConsoleFormat\A010_ConsoleFormat.csproj", "{41049490-3F14-48D2-800D-8185B9BBA40D}"
EndProject
Project("{FAE04EC0-301F-11D3-BF4B-00C04F79EFBC}") = "A011_FormatSpecifier", "A011_FormatSpecifier\A011_FormatSpecifier.csproj", "{55682896-E225-412B-AD24-BC64E31732DA}"
EndProject
Project("{FAE04EC0-301F-11D3-BF4B-00C04F79EFBC}") = "A012_FloatDoubleDecimal", "A012_FloatDoubleDecimal\A012_FloatDoubleDecimal.csproj", "{C6D9AF0E-6677-419F-A19D-46ECAD825F18}"
EndProject
Project("{FAE04EC0-301F-11D3-BF4B-00C04F79EFBC}") = "A013_TypeConversion", "A013_TypeConversion\A013_TypeConversion.csproj", "{FC8EE0F0-E277-49AE-AFD9-D5C679B68D79}"
EndProject
Project("{FAE04EC0-301F-11D3-BF4B-00C04F79EFBC}") = "A014_StringToNumber", "A014_StringToNumber\A014_StringToNumber.csproj", "{D629152F-7D25-4780-8103-CCD3ADE845A6}"
EndProject
Project("{FAE04EC0-301F-11D3-BF4B-00C04F79EFBC}") = "A015_Convert", "A015_Convert\A015_Convert.csproj", "{61B8E21F-A60D-4C1D-B284-64E9C1E1F176}"
EndProject
Project("{FAE04EC0-301F-11D3-BF4B-00C04F79EFBC}") = "A016_Operators", "A016_Operators\A016_Operators.csproj", "{92F47C9C-B935-4851-B88F-1FCE41E00137}"
EndProject
Project("{FAE04EC0-301F-11D3-BF4B-00C04F79EFBC}") = "A017_ArithmeticOperators", "A017_ArithmeticOperators\A017_ArithmeticOperators.csproj", "{E4AAF6EA-E480-4212-934F-AA080DAF784C}"
EndProject
Project("{FAE04EC0-301F-11D3-BF4B-00C04F79EFBC}") = "A018_DivideByZero", "A018_DivideByZero\A018_DivideByZero.csproj", "{F7E8D5EF-22BE-4DFA-968D-D5A8AC480700}"
EndProject
Project("{FAE04EC0-301F-11D3-BF4B-00C04F79EFBC}") = "A019_Overflow", "A019_Overflow\A019_Overflow.csproj", "{7A60AD29-D922-489A-AEEA-807F686BCF09}"
EndProject
Project("{FAE04EC0-301F-11D3-BF4B-00C04F79EFBC}") = "A022_BitwiseOperators", "A022_BitwiseOperators\A022_BitwiseOperators.csproj", "{57B755F6-1BD9-457E-9E54-0EC46DACC81B}"
EndProject
Project("{FAE04EC0-301F-11D3-BF4B-00C04F79EFBC}") = "A023_ConditionalOperator", "A023_ConditionalOperator\A023_ConditionalOperator.csproj", "{9AA6F1B3-42D1-4C34-9228-287DFE109545}"
EndProject
Project("{FAE04EC0-301F-11D3-BF4B-00C04F79EFBC}") = "A024_CompoundAssignment", "A024_CompoundAssignment\A024_CompoundAssignment.csproj", "{36C95E02-38EC-42B9-9D79-6420206DCE1F}"
EndProject
Project("{FAE04EC0-301F-11D3-BF4B-00C04F79EFBC}") = "A025_StringMethods", "A025_StringMethods\A025_StringMethods.csproj", "{8D0CD5F3-A7DD-4E74-B000-AA3EDAE1784B}"
EndProject
Project("{FAE04EC0-301F-11D3-BF4B-00C04F79EFBC}") = "A026_SplitMethod", "A026_SplitMethod\A026_SplitMethod.csproj", "{22B55C49-2EDB-4B4A-BE9B-48AAFBDACEA0}"
EndProject
Project("{FAE04EC0-301F-11D3-BF4B-00C04F79EFBC}") = "A027_StringConcat", "A027_StringConcat\A027_StringConcat.csproj", "{291DFB50-95BC-49B3-B0B8-DAC1AE556B71}"
EndProject
Project("{FAE04EC0-301F-11D3-BF4B-00C04F79EFBC}") = "A028_StringContains", "A028_StringContains\A028_StringContains.csproj", "{1E9787F5-0A5C-4E86-95E2-91F87156EEB7}"
EndProject
Project("{FAE04EC0-301F-11D3-BF4B-00C04F79EFBC}") = "A029_STringFormat", "A029_STringFormat\A029_STringFormat.csproj", "{AEB80DB8-9475-4BB3-861F-B2F9D5DA8A5E}"
EndProject
Project("{FAE04EC0-301F-11D3-BF4B-00C04F79EFBC}") = "A020_RelationalOperators", "A020_RelationalOperators\A020_RelationalOperators.csproj", "{BF4CD633-58DC-4A26-A64D-FBA12620D285}"
EndProject
Project("{FAE04EC0-301F-11D3-BF4B-00C04F79EFBC}") = "A021_LogicalOperators", "A021_LogicalOperators\A021_LogicalOperators.csproj", "{86EDD590-F2D1-4485-BFE5-422600D78358}"
EndProject
Project("{FAE04EC0-301F-11D3-BF4B-00C04F79EFBC}") = "A030_GroupSeparator", "A030_GroupSeparator\A030_GroupSeparator.csproj", "{265B1AFC-4CF6-4E86-B48C-865810A0C84E}"
EndProject
Project("{FAE04EC0-301F-11D3-BF4B-00C04F79EFBC}") = "A031_StringBuilder", "A031_StringBuilder\A031_StringBuilder.csproj", "{CB9AF6A2-5EBC-42B3-A79A-2B46866534F1}"
EndProject
Project("{FAE04EC0-301F-11D3-BF4B-00C04F79EFBC}") = "A032_Enum", "A032_Enum\A032_Enum.csproj", "{25E0FFB3-3AE9-46F7-86CC-217434056B1C}"
EndProject
Project("{FAE04EC0-301F-11D3-BF4B-00C04F79EFBC}") = "A033_ConstAndReadonly", "A033_ConstAndReadonly\A033_ConstAndReadonly.csproj", "{513F2214-E1BD-4739-8C35-ACBFADDA8C77}"
EndProject
Project("{FAE04EC0-301F-11D3-BF4B-00C04F79EFBC}") = "A034_ValueAndReference", "A034_ValueAndReference\A034_ValueAndReference.csproj", "{E2BECDCC-403C-4973-85D3-ADD8470568C0}"
EndProject
Project("{FAE04EC0-301F-11D3-BF4B-00C04F79EFBC}") = "A035_PassingArrayAndObject", "A035_PassingArrayAndObject\A035_PassingArrayAndObject.csproj", "{A563C400-584C-4690-9F72-7733C048EC9A}"
EndProject
Project("{FAE04EC0-301F-11D3-BF4B-00C04F79EFBC}") = "A036_NullConditionalOperator", "A036_NullConditionalOperator\A036_NullConditionalOperator.csproj", "{52CE00E1-163E-429F-B15C-D03B8C2577A1}"
EndProject
Project("{FAE04EC0-301F-11D3-BF4B-00C04F79EFBC}") = "A037_Default", "A037_Default\A037_Default.csproj", "{6F03A009-867E-4660-B95A-73DC4F60545E}"
EndProject
Project("{FAE04EC0-301F-11D3-BF4B-00C04F79EFBC}") = "A038_Nullable", "A038_Nullable\A038_Nullable.csproj", "{BF20560A-FA61-43CC-9A26-1065C4517F45}"
EndProject
Project("{FAE04EC0-301F-11D3-BF4B-00C04F79EFBC}") = "A039_Object", "A039_Object\A039_Object.csproj", "{098F56AE-90DE-4E36-9C5B-20D2D03D026D}"
EndProject
Project("{2150E333-8FDC-42A3-9474-1A3956D46DE8}") = "Part 1", "Part 1", "{0FA8A2A4-23CA-4832-A63F-66667F7FDB99}"
EndProject
Project("{FAE04EC0-301F-11D3-BF4B-00C04F79EFBC}") = "A040_LeapYear", "A040_LeapYear\A040_LeapYear.csproj", "{EC76C4D3-7623-4A85-8CAE-84F19D29735B}"
EndProject
Project("{FAE04EC0-301F-11D3-BF4B-00C04F79EFBC}") = "A041_Grading", "A041_Grading\A041_Grading.csproj", "{AB019000-EF5F-49A7-A8F4-A34F7578CF72}"
EndProject
Project("{2150E333-8FDC-42A3-9474-1A3956D46DE8}") = "Part 2", "Part 2", "{621200C5-BBFB-4571-95BB-C027DAD01029}"
EndProject
Global
	GlobalSection(SolutionConfigurationPlatforms) = preSolution
		Debug|Any CPU = Debug|Any CPU
		Release|Any CPU = Release|Any CPU
	EndGlobalSection
	GlobalSection(ProjectConfigurationPlatforms) = postSolution
		{E2E5FE94-C425-4589-89AF-8AEA8C673086}.Debug|Any CPU.ActiveCfg = Debug|Any CPU
		{E2E5FE94-C425-4589-89AF-8AEA8C673086}.Debug|Any CPU.Build.0 = Debug|Any CPU
		{E2E5FE94-C425-4589-89AF-8AEA8C673086}.Release|Any CPU.ActiveCfg = Release|Any CPU
		{E2E5FE94-C425-4589-89AF-8AEA8C673086}.Release|Any CPU.Build.0 = Release|Any CPU
		{074E5198-73AA-492F-A236-29C840CC43FA}.Debug|Any CPU.ActiveCfg = Debug|Any CPU
		{074E5198-73AA-492F-A236-29C840CC43FA}.Debug|Any CPU.Build.0 = Debug|Any CPU
		{074E5198-73AA-492F-A236-29C840CC43FA}.Release|Any CPU.ActiveCfg = Release|Any CPU
		{074E5198-73AA-492F-A236-29C840CC43FA}.Release|Any CPU.Build.0 = Release|Any CPU
		{31C47199-972F-4D5C-9BA0-20DF1C46944A}.Debug|Any CPU.ActiveCfg = Debug|Any CPU
		{31C47199-972F-4D5C-9BA0-20DF1C46944A}.Debug|Any CPU.Build.0 = Debug|Any CPU
		{31C47199-972F-4D5C-9BA0-20DF1C46944A}.Release|Any CPU.ActiveCfg = Release|Any CPU
		{31C47199-972F-4D5C-9BA0-20DF1C46944A}.Release|Any CPU.Build.0 = Release|Any CPU
		{9A1A0FEA-395D-4E87-87AF-C6DA1DDE95A7}.Debug|Any CPU.ActiveCfg = Debug|Any CPU
		{9A1A0FEA-395D-4E87-87AF-C6DA1DDE95A7}.Debug|Any CPU.Build.0 = Debug|Any CPU
		{9A1A0FEA-395D-4E87-87AF-C6DA1DDE95A7}.Release|Any CPU.ActiveCfg = Release|Any CPU
		{9A1A0FEA-395D-4E87-87AF-C6DA1DDE95A7}.Release|Any CPU.Build.0 = Release|Any CPU
		{096FB48E-09A9-414A-8768-689B3A56DE90}.Debug|Any CPU.ActiveCfg = Debug|Any CPU
		{096FB48E-09A9-414A-8768-689B3A56DE90}.Debug|Any CPU.Build.0 = Debug|Any CPU
		{096FB48E-09A9-414A-8768-689B3A56DE90}.Release|Any CPU.ActiveCfg = Release|Any CPU
		{096FB48E-09A9-414A-8768-689B3A56DE90}.Release|Any CPU.Build.0 = Release|Any CPU
		{991617C3-F0F4-4DF4-814E-0EC8DA748321}.Debug|Any CPU.ActiveCfg = Debug|Any CPU
		{991617C3-F0F4-4DF4-814E-0EC8DA748321}.Debug|Any CPU.Build.0 = Debug|Any CPU
		{991617C3-F0F4-4DF4-814E-0EC8DA748321}.Release|Any CPU.ActiveCfg = Release|Any CPU
		{991617C3-F0F4-4DF4-814E-0EC8DA748321}.Release|Any CPU.Build.0 = Release|Any CPU
		{AF0CC374-3295-450E-8F0B-5EC4ACFC3ADF}.Debug|Any CPU.ActiveCfg = Debug|Any CPU
		{AF0CC374-3295-450E-8F0B-5EC4ACFC3ADF}.Debug|Any CPU.Build.0 = Debug|Any CPU
		{AF0CC374-3295-450E-8F0B-5EC4ACFC3ADF}.Release|Any CPU.ActiveCfg = Release|Any CPU
		{AF0CC374-3295-450E-8F0B-5EC4ACFC3ADF}.Release|Any CPU.Build.0 = Release|Any CPU
		{5EF4B004-3E05-43EB-9980-C48887B8D1E5}.Debug|Any CPU.ActiveCfg = Debug|Any CPU
		{5EF4B004-3E05-43EB-9980-C48887B8D1E5}.Debug|Any CPU.Build.0 = Debug|Any CPU
		{5EF4B004-3E05-43EB-9980-C48887B8D1E5}.Release|Any CPU.ActiveCfg = Release|Any CPU
		{5EF4B004-3E05-43EB-9980-C48887B8D1E5}.Release|Any CPU.Build.0 = Release|Any CPU
		{41049490-3F14-48D2-800D-8185B9BBA40D}.Debug|Any CPU.ActiveCfg = Debug|Any CPU
		{41049490-3F14-48D2-800D-8185B9BBA40D}.Debug|Any CPU.Build.0 = Debug|Any CPU
		{41049490-3F14-48D2-800D-8185B9BBA40D}.Release|Any CPU.ActiveCfg = Release|Any CPU
		{41049490-3F14-48D2-800D-8185B9BBA40D}.Release|Any CPU.Build.0 = Release|Any CPU
		{55682896-E225-412B-AD24-BC64E31732DA}.Debug|Any CPU.ActiveCfg = Debug|Any CPU
		{55682896-E225-412B-AD24-BC64E31732DA}.Debug|Any CPU.Build.0 = Debug|Any CPU
		{55682896-E225-412B-AD24-BC64E31732DA}.Release|Any CPU.ActiveCfg = Release|Any CPU
		{55682896-E225-412B-AD24-BC64E31732DA}.Release|Any CPU.Build.0 = Release|Any CPU
		{C6D9AF0E-6677-419F-A19D-46ECAD825F18}.Debug|Any CPU.ActiveCfg = Debug|Any CPU
		{C6D9AF0E-6677-419F-A19D-46ECAD825F18}.Debug|Any CPU.Build.0 = Debug|Any CPU
		{C6D9AF0E-6677-419F-A19D-46ECAD825F18}.Release|Any CPU.ActiveCfg = Release|Any CPU
		{C6D9AF0E-6677-419F-A19D-46ECAD825F18}.Release|Any CPU.Build.0 = Release|Any CPU
		{FC8EE0F0-E277-49AE-AFD9-D5C679B68D79}.Debug|Any CPU.ActiveCfg = Debug|Any CPU
		{FC8EE0F0-E277-49AE-AFD9-D5C679B68D79}.Debug|Any CPU.Build.0 = Debug|Any CPU
		{FC8EE0F0-E277-49AE-AFD9-D5C679B68D79}.Release|Any CPU.ActiveCfg = Release|Any CPU
		{FC8EE0F0-E277-49AE-AFD9-D5C679B68D79}.Release|Any CPU.Build.0 = Release|Any CPU
		{D629152F-7D25-4780-8103-CCD3ADE845A6}.Debug|Any CPU.ActiveCfg = Debug|Any CPU
		{D629152F-7D25-4780-8103-CCD3ADE845A6}.Debug|Any CPU.Build.0 = Debug|Any CPU
		{D629152F-7D25-4780-8103-CCD3ADE845A6}.Release|Any CPU.ActiveCfg = Release|Any CPU
		{D629152F-7D25-4780-8103-CCD3ADE845A6}.Release|Any CPU.Build.0 = Release|Any CPU
		{61B8E21F-A60D-4C1D-B284-64E9C1E1F176}.Debug|Any CPU.ActiveCfg = Debug|Any CPU
		{61B8E21F-A60D-4C1D-B284-64E9C1E1F176}.Debug|Any CPU.Build.0 = Debug|Any CPU
		{61B8E21F-A60D-4C1D-B284-64E9C1E1F176}.Release|Any CPU.ActiveCfg = Release|Any CPU
		{61B8E21F-A60D-4C1D-B284-64E9C1E1F176}.Release|Any CPU.Build.0 = Release|Any CPU
		{92F47C9C-B935-4851-B88F-1FCE41E00137}.Debug|Any CPU.ActiveCfg = Debug|Any CPU
		{92F47C9C-B935-4851-B88F-1FCE41E00137}.Debug|Any CPU.Build.0 = Debug|Any CPU
		{92F47C9C-B935-4851-B88F-1FCE41E00137}.Release|Any CPU.ActiveCfg = Release|Any CPU
		{92F47C9C-B935-4851-B88F-1FCE41E00137}.Release|Any CPU.Build.0 = Release|Any CPU
		{E4AAF6EA-E480-4212-934F-AA080DAF784C}.Debug|Any CPU.ActiveCfg = Debug|Any CPU
		{E4AAF6EA-E480-4212-934F-AA080DAF784C}.Debug|Any CPU.Build.0 = Debug|Any CPU
		{E4AAF6EA-E480-4212-934F-AA080DAF784C}.Release|Any CPU.ActiveCfg = Release|Any CPU
		{E4AAF6EA-E480-4212-934F-AA080DAF784C}.Release|Any CPU.Build.0 = Release|Any CPU
		{F7E8D5EF-22BE-4DFA-968D-D5A8AC480700}.Debug|Any CPU.ActiveCfg = Debug|Any CPU
		{F7E8D5EF-22BE-4DFA-968D-D5A8AC480700}.Debug|Any CPU.Build.0 = Debug|Any CPU
		{F7E8D5EF-22BE-4DFA-968D-D5A8AC480700}.Release|Any CPU.ActiveCfg = Release|Any CPU
		{F7E8D5EF-22BE-4DFA-968D-D5A8AC480700}.Release|Any CPU.Build.0 = Release|Any CPU
		{7A60AD29-D922-489A-AEEA-807F686BCF09}.Debug|Any CPU.ActiveCfg = Debug|Any CPU
		{7A60AD29-D922-489A-AEEA-807F686BCF09}.Debug|Any CPU.Build.0 = Debug|Any CPU
		{7A60AD29-D922-489A-AEEA-807F686BCF09}.Release|Any CPU.ActiveCfg = Release|Any CPU
		{7A60AD29-D922-489A-AEEA-807F686BCF09}.Release|Any CPU.Build.0 = Release|Any CPU
		{57B755F6-1BD9-457E-9E54-0EC46DACC81B}.Debug|Any CPU.ActiveCfg = Debug|Any CPU
		{57B755F6-1BD9-457E-9E54-0EC46DACC81B}.Debug|Any CPU.Build.0 = Debug|Any CPU
		{57B755F6-1BD9-457E-9E54-0EC46DACC81B}.Release|Any CPU.ActiveCfg = Release|Any CPU
		{57B755F6-1BD9-457E-9E54-0EC46DACC81B}.Release|Any CPU.Build.0 = Release|Any CPU
		{9AA6F1B3-42D1-4C34-9228-287DFE109545}.Debug|Any CPU.ActiveCfg = Debug|Any CPU
		{9AA6F1B3-42D1-4C34-9228-287DFE109545}.Debug|Any CPU.Build.0 = Debug|Any CPU
		{9AA6F1B3-42D1-4C34-9228-287DFE109545}.Release|Any CPU.ActiveCfg = Release|Any CPU
		{9AA6F1B3-42D1-4C34-9228-287DFE109545}.Release|Any CPU.Build.0 = Release|Any CPU
		{36C95E02-38EC-42B9-9D79-6420206DCE1F}.Debug|Any CPU.ActiveCfg = Debug|Any CPU
		{36C95E02-38EC-42B9-9D79-6420206DCE1F}.Debug|Any CPU.Build.0 = Debug|Any CPU
		{36C95E02-38EC-42B9-9D79-6420206DCE1F}.Release|Any CPU.ActiveCfg = Release|Any CPU
		{36C95E02-38EC-42B9-9D79-6420206DCE1F}.Release|Any CPU.Build.0 = Release|Any CPU
		{8D0CD5F3-A7DD-4E74-B000-AA3EDAE1784B}.Debug|Any CPU.ActiveCfg = Debug|Any CPU
		{8D0CD5F3-A7DD-4E74-B000-AA3EDAE1784B}.Debug|Any CPU.Build.0 = Debug|Any CPU
		{8D0CD5F3-A7DD-4E74-B000-AA3EDAE1784B}.Release|Any CPU.ActiveCfg = Release|Any CPU
		{8D0CD5F3-A7DD-4E74-B000-AA3EDAE1784B}.Release|Any CPU.Build.0 = Release|Any CPU
		{22B55C49-2EDB-4B4A-BE9B-48AAFBDACEA0}.Debug|Any CPU.ActiveCfg = Debug|Any CPU
		{22B55C49-2EDB-4B4A-BE9B-48AAFBDACEA0}.Debug|Any CPU.Build.0 = Debug|Any CPU
		{22B55C49-2EDB-4B4A-BE9B-48AAFBDACEA0}.Release|Any CPU.ActiveCfg = Release|Any CPU
		{22B55C49-2EDB-4B4A-BE9B-48AAFBDACEA0}.Release|Any CPU.Build.0 = Release|Any CPU
		{291DFB50-95BC-49B3-B0B8-DAC1AE556B71}.Debug|Any CPU.ActiveCfg = Debug|Any CPU
		{291DFB50-95BC-49B3-B0B8-DAC1AE556B71}.Debug|Any CPU.Build.0 = Debug|Any CPU
		{291DFB50-95BC-49B3-B0B8-DAC1AE556B71}.Release|Any CPU.ActiveCfg = Release|Any CPU
		{291DFB50-95BC-49B3-B0B8-DAC1AE556B71}.Release|Any CPU.Build.0 = Release|Any CPU
		{1E9787F5-0A5C-4E86-95E2-91F87156EEB7}.Debug|Any CPU.ActiveCfg = Debug|Any CPU
		{1E9787F5-0A5C-4E86-95E2-91F87156EEB7}.Debug|Any CPU.Build.0 = Debug|Any CPU
		{1E9787F5-0A5C-4E86-95E2-91F87156EEB7}.Release|Any CPU.ActiveCfg = Release|Any CPU
		{1E9787F5-0A5C-4E86-95E2-91F87156EEB7}.Release|Any CPU.Build.0 = Release|Any CPU
		{AEB80DB8-9475-4BB3-861F-B2F9D5DA8A5E}.Debug|Any CPU.ActiveCfg = Debug|Any CPU
		{AEB80DB8-9475-4BB3-861F-B2F9D5DA8A5E}.Debug|Any CPU.Build.0 = Debug|Any CPU
		{AEB80DB8-9475-4BB3-861F-B2F9D5DA8A5E}.Release|Any CPU.ActiveCfg = Release|Any CPU
		{AEB80DB8-9475-4BB3-861F-B2F9D5DA8A5E}.Release|Any CPU.Build.0 = Release|Any CPU
		{BF4CD633-58DC-4A26-A64D-FBA12620D285}.Debug|Any CPU.ActiveCfg = Debug|Any CPU
		{BF4CD633-58DC-4A26-A64D-FBA12620D285}.Debug|Any CPU.Build.0 = Debug|Any CPU
		{BF4CD633-58DC-4A26-A64D-FBA12620D285}.Release|Any CPU.ActiveCfg = Release|Any CPU
		{BF4CD633-58DC-4A26-A64D-FBA12620D285}.Release|Any CPU.Build.0 = Release|Any CPU
		{86EDD590-F2D1-4485-BFE5-422600D78358}.Debug|Any CPU.ActiveCfg = Debug|Any CPU
		{86EDD590-F2D1-4485-BFE5-422600D78358}.Debug|Any CPU.Build.0 = Debug|Any CPU
		{86EDD590-F2D1-4485-BFE5-422600D78358}.Release|Any CPU.ActiveCfg = Release|Any CPU
		{86EDD590-F2D1-4485-BFE5-422600D78358}.Release|Any CPU.Build.0 = Release|Any CPU
		{265B1AFC-4CF6-4E86-B48C-865810A0C84E}.Debug|Any CPU.ActiveCfg = Debug|Any CPU
		{265B1AFC-4CF6-4E86-B48C-865810A0C84E}.Debug|Any CPU.Build.0 = Debug|Any CPU
		{265B1AFC-4CF6-4E86-B48C-865810A0C84E}.Release|Any CPU.ActiveCfg = Release|Any CPU
		{265B1AFC-4CF6-4E86-B48C-865810A0C84E}.Release|Any CPU.Build.0 = Release|Any CPU
		{CB9AF6A2-5EBC-42B3-A79A-2B46866534F1}.Debug|Any CPU.ActiveCfg = Debug|Any CPU
		{CB9AF6A2-5EBC-42B3-A79A-2B46866534F1}.Debug|Any CPU.Build.0 = Debug|Any CPU
		{CB9AF6A2-5EBC-42B3-A79A-2B46866534F1}.Release|Any CPU.ActiveCfg = Release|Any CPU
		{CB9AF6A2-5EBC-42B3-A79A-2B46866534F1}.Release|Any CPU.Build.0 = Release|Any CPU
		{25E0FFB3-3AE9-46F7-86CC-217434056B1C}.Debug|Any CPU.ActiveCfg = Debug|Any CPU
		{25E0FFB3-3AE9-46F7-86CC-217434056B1C}.Debug|Any CPU.Build.0 = Debug|Any CPU
		{25E0FFB3-3AE9-46F7-86CC-217434056B1C}.Release|Any CPU.ActiveCfg = Release|Any CPU
		{25E0FFB3-3AE9-46F7-86CC-217434056B1C}.Release|Any CPU.Build.0 = Release|Any CPU
		{513F2214-E1BD-4739-8C35-ACBFADDA8C77}.Debug|Any CPU.ActiveCfg = Debug|Any CPU
		{513F2214-E1BD-4739-8C35-ACBFADDA8C77}.Debug|Any CPU.Build.0 = Debug|Any CPU
		{513F2214-E1BD-4739-8C35-ACBFADDA8C77}.Release|Any CPU.ActiveCfg = Release|Any CPU
		{513F2214-E1BD-4739-8C35-ACBFADDA8C77}.Release|Any CPU.Build.0 = Release|Any CPU
		{E2BECDCC-403C-4973-85D3-ADD8470568C0}.Debug|Any CPU.ActiveCfg = Debug|Any CPU
		{E2BECDCC-403C-4973-85D3-ADD8470568C0}.Debug|Any CPU.Build.0 = Debug|Any CPU
		{E2BECDCC-403C-4973-85D3-ADD8470568C0}.Release|Any CPU.ActiveCfg = Release|Any CPU
		{E2BECDCC-403C-4973-85D3-ADD8470568C0}.Release|Any CPU.Build.0 = Release|Any CPU
		{A563C400-584C-4690-9F72-7733C048EC9A}.Debug|Any CPU.ActiveCfg = Debug|Any CPU
		{A563C400-584C-4690-9F72-7733C048EC9A}.Debug|Any CPU.Build.0 = Debug|Any CPU
		{A563C400-584C-4690-9F72-7733C048EC9A}.Release|Any CPU.ActiveCfg = Release|Any CPU
		{A563C400-584C-4690-9F72-7733C048EC9A}.Release|Any CPU.Build.0 = Release|Any CPU
		{52CE00E1-163E-429F-B15C-D03B8C2577A1}.Debug|Any CPU.ActiveCfg = Debug|Any CPU
		{52CE00E1-163E-429F-B15C-D03B8C2577A1}.Debug|Any CPU.Build.0 = Debug|Any CPU
		{52CE00E1-163E-429F-B15C-D03B8C2577A1}.Release|Any CPU.ActiveCfg = Release|Any CPU
		{52CE00E1-163E-429F-B15C-D03B8C2577A1}.Release|Any CPU.Build.0 = Release|Any CPU
		{6F03A009-867E-4660-B95A-73DC4F60545E}.Debug|Any CPU.ActiveCfg = Debug|Any CPU
		{6F03A009-867E-4660-B95A-73DC4F60545E}.Debug|Any CPU.Build.0 = Debug|Any CPU
		{6F03A009-867E-4660-B95A-73DC4F60545E}.Release|Any CPU.ActiveCfg = Release|Any CPU
		{6F03A009-867E-4660-B95A-73DC4F60545E}.Release|Any CPU.Build.0 = Release|Any CPU
		{BF20560A-FA61-43CC-9A26-1065C4517F45}.Debug|Any CPU.ActiveCfg = Debug|Any CPU
		{BF20560A-FA61-43CC-9A26-1065C4517F45}.Debug|Any CPU.Build.0 = Debug|Any CPU
		{BF20560A-FA61-43CC-9A26-1065C4517F45}.Release|Any CPU.ActiveCfg = Release|Any CPU
		{BF20560A-FA61-43CC-9A26-1065C4517F45}.Release|Any CPU.Build.0 = Release|Any CPU
		{098F56AE-90DE-4E36-9C5B-20D2D03D026D}.Debug|Any CPU.ActiveCfg = Debug|Any CPU
		{098F56AE-90DE-4E36-9C5B-20D2D03D026D}.Debug|Any CPU.Build.0 = Debug|Any CPU
		{098F56AE-90DE-4E36-9C5B-20D2D03D026D}.Release|Any CPU.ActiveCfg = Release|Any CPU
		{098F56AE-90DE-4E36-9C5B-20D2D03D026D}.Release|Any CPU.Build.0 = Release|Any CPU
		{EC76C4D3-7623-4A85-8CAE-84F19D29735B}.Debug|Any CPU.ActiveCfg = Debug|Any CPU
		{EC76C4D3-7623-4A85-8CAE-84F19D29735B}.Debug|Any CPU.Build.0 = Debug|Any CPU
		{EC76C4D3-7623-4A85-8CAE-84F19D29735B}.Release|Any CPU.ActiveCfg = Release|Any CPU
		{EC76C4D3-7623-4A85-8CAE-84F19D29735B}.Release|Any CPU.Build.0 = Release|Any CPU
		{AB019000-EF5F-49A7-A8F4-A34F7578CF72}.Debug|Any CPU.ActiveCfg = Debug|Any CPU
		{AB019000-EF5F-49A7-A8F4-A34F7578CF72}.Debug|Any CPU.Build.0 = Debug|Any CPU
		{AB019000-EF5F-49A7-A8F4-A34F7578CF72}.Release|Any CPU.ActiveCfg = Release|Any CPU
		{AB019000-EF5F-49A7-A8F4-A34F7578CF72}.Release|Any CPU.Build.0 = Release|Any CPU
	EndGlobalSection
	GlobalSection(SolutionProperties) = preSolution
		HideSolutionNode = FALSE
	EndGlobalSection
	GlobalSection(NestedProjects) = preSolution
		{E2E5FE94-C425-4589-89AF-8AEA8C673086} = {0FA8A2A4-23CA-4832-A63F-66667F7FDB99}
		{074E5198-73AA-492F-A236-29C840CC43FA} = {0FA8A2A4-23CA-4832-A63F-66667F7FDB99}
		{31C47199-972F-4D5C-9BA0-20DF1C46944A} = {0FA8A2A4-23CA-4832-A63F-66667F7FDB99}
		{9A1A0FEA-395D-4E87-87AF-C6DA1DDE95A7} = {0FA8A2A4-23CA-4832-A63F-66667F7FDB99}
		{096FB48E-09A9-414A-8768-689B3A56DE90} = {0FA8A2A4-23CA-4832-A63F-66667F7FDB99}
		{991617C3-F0F4-4DF4-814E-0EC8DA748321} = {0FA8A2A4-23CA-4832-A63F-66667F7FDB99}
		{AF0CC374-3295-450E-8F0B-5EC4ACFC3ADF} = {0FA8A2A4-23CA-4832-A63F-66667F7FDB99}
		{5EF4B004-3E05-43EB-9980-C48887B8D1E5} = {0FA8A2A4-23CA-4832-A63F-66667F7FDB99}
		{41049490-3F14-48D2-800D-8185B9BBA40D} = {0FA8A2A4-23CA-4832-A63F-66667F7FDB99}
		{55682896-E225-412B-AD24-BC64E31732DA} = {0FA8A2A4-23CA-4832-A63F-66667F7FDB99}
		{C6D9AF0E-6677-419F-A19D-46ECAD825F18} = {0FA8A2A4-23CA-4832-A63F-66667F7FDB99}
		{FC8EE0F0-E277-49AE-AFD9-D5C679B68D79} = {0FA8A2A4-23CA-4832-A63F-66667F7FDB99}
		{D629152F-7D25-4780-8103-CCD3ADE845A6} = {0FA8A2A4-23CA-4832-A63F-66667F7FDB99}
		{61B8E21F-A60D-4C1D-B284-64E9C1E1F176} = {0FA8A2A4-23CA-4832-A63F-66667F7FDB99}
		{92F47C9C-B935-4851-B88F-1FCE41E00137} = {0FA8A2A4-23CA-4832-A63F-66667F7FDB99}
		{E4AAF6EA-E480-4212-934F-AA080DAF784C} = {0FA8A2A4-23CA-4832-A63F-66667F7FDB99}
		{F7E8D5EF-22BE-4DFA-968D-D5A8AC480700} = {0FA8A2A4-23CA-4832-A63F-66667F7FDB99}
		{7A60AD29-D922-489A-AEEA-807F686BCF09} = {0FA8A2A4-23CA-4832-A63F-66667F7FDB99}
		{57B755F6-1BD9-457E-9E54-0EC46DACC81B} = {0FA8A2A4-23CA-4832-A63F-66667F7FDB99}
		{9AA6F1B3-42D1-4C34-9228-287DFE109545} = {0FA8A2A4-23CA-4832-A63F-66667F7FDB99}
		{36C95E02-38EC-42B9-9D79-6420206DCE1F} = {0FA8A2A4-23CA-4832-A63F-66667F7FDB99}
		{8D0CD5F3-A7DD-4E74-B000-AA3EDAE1784B} = {0FA8A2A4-23CA-4832-A63F-66667F7FDB99}
		{22B55C49-2EDB-4B4A-BE9B-48AAFBDACEA0} = {0FA8A2A4-23CA-4832-A63F-66667F7FDB99}
		{291DFB50-95BC-49B3-B0B8-DAC1AE556B71} = {0FA8A2A4-23CA-4832-A63F-66667F7FDB99}
		{1E9787F5-0A5C-4E86-95E2-91F87156EEB7} = {0FA8A2A4-23CA-4832-A63F-66667F7FDB99}
		{AEB80DB8-9475-4BB3-861F-B2F9D5DA8A5E} = {0FA8A2A4-23CA-4832-A63F-66667F7FDB99}
		{BF4CD633-58DC-4A26-A64D-FBA12620D285} = {0FA8A2A4-23CA-4832-A63F-66667F7FDB99}
		{86EDD590-F2D1-4485-BFE5-422600D78358} = {0FA8A2A4-23CA-4832-A63F-66667F7FDB99}
		{265B1AFC-4CF6-4E86-B48C-865810A0C84E} = {0FA8A2A4-23CA-4832-A63F-66667F7FDB99}
		{CB9AF6A2-5EBC-42B3-A79A-2B46866534F1} = {0FA8A2A4-23CA-4832-A63F-66667F7FDB99}
		{25E0FFB3-3AE9-46F7-86CC-217434056B1C} = {0FA8A2A4-23CA-4832-A63F-66667F7FDB99}
		{513F2214-E1BD-4739-8C35-ACBFADDA8C77} = {0FA8A2A4-23CA-4832-A63F-66667F7FDB99}
		{E2BECDCC-403C-4973-85D3-ADD8470568C0} = {0FA8A2A4-23CA-4832-A63F-66667F7FDB99}
		{A563C400-584C-4690-9F72-7733C048EC9A} = {0FA8A2A4-23CA-4832-A63F-66667F7FDB99}
		{52CE00E1-163E-429F-B15C-D03B8C2577A1} = {0FA8A2A4-23CA-4832-A63F-66667F7FDB99}
		{6F03A009-867E-4660-B95A-73DC4F60545E} = {0FA8A2A4-23CA-4832-A63F-66667F7FDB99}
		{BF20560A-FA61-43CC-9A26-1065C4517F45} = {0FA8A2A4-23CA-4832-A63F-66667F7FDB99}
		{098F56AE-90DE-4E36-9C5B-20D2D03D026D} = {0FA8A2A4-23CA-4832-A63F-66667F7FDB99}
		{EC76C4D3-7623-4A85-8CAE-84F19D29735B} = {0FA8A2A4-23CA-4832-A63F-66667F7FDB99}
		{AB019000-EF5F-49A7-A8F4-A34F7578CF72} = {0FA8A2A4-23CA-4832-A63F-66667F7FDB99}
	EndGlobalSection
	GlobalSection(ExtensibilityGlobals) = postSolution
		SolutionGuid = {61236FFB-648E-49E3-A337-A35AC5E93C90}
	EndGlobalSection
EndGlobal
